
Microsoft Visual Studio Solution File, Format Version 12.00
# Visual Studio Version 17
VisualStudioVersion = 17.7.34202.233
MinimumVisualStudioVersion = 10.0.40219.1
Project("{FAE04EC0-301F-11D3-BF4B-00C04F79EFBC}") = "ForexTestAngular", "ForexTestAngular.csproj", "{EE6E4EE0-8AA8-49AC-82D6-1FFC903A4544}"
EndProject
Global
	GlobalSection(SolutionConfigurationPlatforms) = preSolution
		Debug|Any CPU = Debug|Any CPU
		Release|Any CPU = Release|Any CPU
	EndGlobalSection
	GlobalSection(ProjectConfigurationPlatforms) = postSolution
		{EE6E4EE0-8AA8-49AC-82D6-1FFC903A4544}.Debug|Any CPU.ActiveCfg = Debug|Any CPU
		{EE6E4EE0-8AA8-49AC-82D6-1FFC903A4544}.Debug|Any CPU.Build.0 = Debug|Any CPU
		{EE6E4EE0-8AA8-49AC-82D6-1FFC903A4544}.Release|Any CPU.ActiveCfg = Release|Any CPU
		{EE6E4EE0-8AA8-49AC-82D6-1FFC903A4544}.Release|Any CPU.Build.0 = Release|Any CPU
	EndGlobalSection
	GlobalSection(SolutionProperties) = preSolution
		HideSolutionNode = FALSE
	EndGlobalSection
	GlobalSection(ExtensibilityGlobals) = postSolution
		SolutionGuid = {3F45EF59-4E66-4217-9DC2-321E50EA6B5D}
	EndGlobalSection
EndGlobal
